
Microsoft Visual Studio Solution File, Format Version 12.00
# Visual Studio 15
VisualStudioVersion = 15.0.28010.2003
MinimumVisualStudioVersion = 10.0.40219.1
Project("{FAE04EC0-301F-11D3-BF4B-00C04F79EFBC}") = "myContacts.EntityModel", "myContacts.EntityModel\myContacts.EntityModel.csproj", "{CF8AE58C-AF99-4130-93FA-7F2EFFF3ABB9}"
EndProject
Project("{FAE04EC0-301F-11D3-BF4B-00C04F79EFBC}") = "myContacts.Providers.UnitTest", "myContacts.Providers.UnitTest\myContacts.Providers.UnitTest.csproj", "{5068AB75-F84D-43C7-9EE0-311DCE18E88F}"
EndProject
Project("{FAE04EC0-301F-11D3-BF4B-00C04F79EFBC}") = "myContacts.Providers", "myContacts.Providers\myContacts.Providers.csproj", "{793294CB-CF69-4CBF-A791-7E8A7CBA749B}"
EndProject
Global
	GlobalSection(SolutionConfigurationPlatforms) = preSolution
		Debug|Any CPU = Debug|Any CPU
		Release|Any CPU = Release|Any CPU
	EndGlobalSection
	GlobalSection(ProjectConfigurationPlatforms) = postSolution
		{CF8AE58C-AF99-4130-93FA-7F2EFFF3ABB9}.Debug|Any CPU.ActiveCfg = Debug|Any CPU
		{CF8AE58C-AF99-4130-93FA-7F2EFFF3ABB9}.Debug|Any CPU.Build.0 = Debug|Any CPU
		{CF8AE58C-AF99-4130-93FA-7F2EFFF3ABB9}.Release|Any CPU.ActiveCfg = Release|Any CPU
		{CF8AE58C-AF99-4130-93FA-7F2EFFF3ABB9}.Release|Any CPU.Build.0 = Release|Any CPU
		{5068AB75-F84D-43C7-9EE0-311DCE18E88F}.Debug|Any CPU.ActiveCfg = Debug|Any CPU
		{5068AB75-F84D-43C7-9EE0-311DCE18E88F}.Debug|Any CPU.Build.0 = Debug|Any CPU
		{5068AB75-F84D-43C7-9EE0-311DCE18E88F}.Release|Any CPU.ActiveCfg = Release|Any CPU
		{5068AB75-F84D-43C7-9EE0-311DCE18E88F}.Release|Any CPU.Build.0 = Release|Any CPU
		{793294CB-CF69-4CBF-A791-7E8A7CBA749B}.Debug|Any CPU.ActiveCfg = Debug|Any CPU
		{793294CB-CF69-4CBF-A791-7E8A7CBA749B}.Debug|Any CPU.Build.0 = Debug|Any CPU
		{793294CB-CF69-4CBF-A791-7E8A7CBA749B}.Release|Any CPU.ActiveCfg = Release|Any CPU
		{793294CB-CF69-4CBF-A791-7E8A7CBA749B}.Release|Any CPU.Build.0 = Release|Any CPU
	EndGlobalSection
	GlobalSection(SolutionProperties) = preSolution
		HideSolutionNode = FALSE
	EndGlobalSection
	GlobalSection(ExtensibilityGlobals) = postSolution
		SolutionGuid = {99A63F78-7D04-4C8C-884D-6AEE97EF61AE}
	EndGlobalSection
EndGlobal
